// !$*UTF8*$!
{
	archiveVersion = 1;
	classes = {
	};
	objectVersion = 46;
	objects = {

/* Begin PBXBuildFile section */
		13203FF81A593C50009A6765 /* GameKit.framework in Frameworks */ = {isa = PBXBuildFile; fileRef = 13203FF71A593C4F009A6765 /* GameKit.framework */; };
		134AA4B11A59583C00040AD9 /* Images.xcassets in Resources */ = {isa = PBXBuildFile; fileRef = 134AA4B01A59583C00040AD9 /* Images.xcassets */; };
		13877CB21AD9BA9400A904E5 /* Security.framework in Frameworks */ = {isa = PBXBuildFile; fileRef = 13877CB11AD9BA9400A904E5 /* Security.framework */; };
		13877CB41AD9BA9E00A904E5 /* SystemConfiguration.framework in Frameworks */ = {isa = PBXBuildFile; fileRef = 13877CB31AD9BA9E00A904E5 /* SystemConfiguration.framework */; settings = {ATTRIBUTES = (Required, ); }; };
		13877CBB1AD9BBDA00A904E5 /* GameCenterManager.m in Sources */ = {isa = PBXBuildFile; fileRef = 13877CB61AD9BBDA00A904E5 /* GameCenterManager.m */; };
		13877CBC1AD9BBDA00A904E5 /* NSDataAES256.m in Sources */ = {isa = PBXBuildFile; fileRef = 13877CB81AD9BBDA00A904E5 /* NSDataAES256.m */; };
		13877CBD1AD9BBDA00A904E5 /* Reachability.m in Sources */ = {isa = PBXBuildFile; fileRef = 13877CBA1AD9BBDA00A904E5 /* Reachability.m */; };
		13955F171A6DBD3300DD6012 /* iAd.framework in Frameworks */ = {isa = PBXBuildFile; fileRef = 13955F161A6DBD3200DD6012 /* iAd.framework */; };
		13955F2D1A6F22C500DD6012 /* hit.caf in Resources */ = {isa = PBXBuildFile; fileRef = 13955F2C1A6F22C500DD6012 /* hit.caf */; };
		13B8C73A1A590A7500AFE527 /* GameState.m in Sources */ = {isa = PBXBuildFile; fileRef = 13B8C7391A590A7500AFE527 /* GameState.m */; };
		13BCC18E1A53AE4D00342645 /* main.m in Sources */ = {isa = PBXBuildFile; fileRef = 13BCC18D1A53AE4D00342645 /* main.m */; };
		13BCC1911A53AE4D00342645 /* AppDelegate.m in Sources */ = {isa = PBXBuildFile; fileRef = 13BCC1901A53AE4D00342645 /* AppDelegate.m */; };
		13BCC1941A53AE4D00342645 /* GameScene.m in Sources */ = {isa = PBXBuildFile; fileRef = 13BCC1931A53AE4D00342645 /* GameScene.m */; };
		13BCC1991A53AE4D00342645 /* GameViewController.m in Sources */ = {isa = PBXBuildFile; fileRef = 13BCC1981A53AE4D00342645 /* GameViewController.m */; };
		13BCC19C1A53AE4E00342645 /* Main.storyboard in Resources */ = {isa = PBXBuildFile; fileRef = 13BCC19A1A53AE4E00342645 /* Main.storyboard */; };
		13BCC1AD1A53AE4E00342645 /* ShiftPongTests.m in Sources */ = {isa = PBXBuildFile; fileRef = 13BCC1AC1A53AE4E00342645 /* ShiftPongTests.m */; };
		13BCC1BC1A53C2EF00342645 /* assets.atlas in Resources */ = {isa = PBXBuildFile; fileRef = 13BCC1B61A53C2EE00342645 /* assets.atlas */; };
/* End PBXBuildFile section */

/* Begin PBXContainerItemProxy section */
		13BCC1A71A53AE4E00342645 /* PBXContainerItemProxy */ = {
			isa = PBXContainerItemProxy;
			containerPortal = 13BCC1801A53AE4D00342645 /* Project object */;
			proxyType = 1;
			remoteGlobalIDString = 13BCC1871A53AE4D00342645;
			remoteInfo = ShiftPong;
		};
/* End PBXContainerItemProxy section */

/* Begin PBXFileReference section */
		13203FF71A593C4F009A6765 /* GameKit.framework */ = {isa = PBXFileReference; lastKnownFileType = wrapper.framework; name = GameKit.framework; path = System/Library/Frameworks/GameKit.framework; sourceTree = SDKROOT; };
		134AA4B01A59583C00040AD9 /* Images.xcassets */ = {isa = PBXFileReference; lastKnownFileType = folder.assetcatalog; path = Images.xcassets; sourceTree = "<group>"; };
		13877CB11AD9BA9400A904E5 /* Security.framework */ = {isa = PBXFileReference; lastKnownFileType = wrapper.framework; name = Security.framework; path = System/Library/Frameworks/Security.framework; sourceTree = SDKROOT; };
		13877CB31AD9BA9E00A904E5 /* SystemConfiguration.framework */ = {isa = PBXFileReference; lastKnownFileType = wrapper.framework; name = SystemConfiguration.framework; path = System/Library/Frameworks/SystemConfiguration.framework; sourceTree = SDKROOT; };
		13877CB51AD9BBDA00A904E5 /* GameCenterManager.h */ = {isa = PBXFileReference; fileEncoding = 4; lastKnownFileType = sourcecode.c.h; path = GameCenterManager.h; sourceTree = "<group>"; };
		13877CB61AD9BBDA00A904E5 /* GameCenterManager.m */ = {isa = PBXFileReference; fileEncoding = 4; lastKnownFileType = sourcecode.c.objc; path = GameCenterManager.m; sourceTree = "<group>"; };
		13877CB71AD9BBDA00A904E5 /* NSDataAES256.h */ = {isa = PBXFileReference; fileEncoding = 4; lastKnownFileType = sourcecode.c.h; path = NSDataAES256.h; sourceTree = "<group>"; };
		13877CB81AD9BBDA00A904E5 /* NSDataAES256.m */ = {isa = PBXFileReference; fileEncoding = 4; lastKnownFileType = sourcecode.c.objc; path = NSDataAES256.m; sourceTree = "<group>"; };
		13877CB91AD9BBDA00A904E5 /* Reachability.h */ = {isa = PBXFileReference; fileEncoding = 4; lastKnownFileType = sourcecode.c.h; path = Reachability.h; sourceTree = "<group>"; };
		13877CBA1AD9BBDA00A904E5 /* Reachability.m */ = {isa = PBXFileReference; fileEncoding = 4; lastKnownFileType = sourcecode.c.objc; path = Reachability.m; sourceTree = "<group>"; };
		13955F161A6DBD3200DD6012 /* iAd.framework */ = {isa = PBXFileReference; lastKnownFileType = wrapper.framework; name = iAd.framework; path = System/Library/Frameworks/iAd.framework; sourceTree = SDKROOT; };
		13955F2C1A6F22C500DD6012 /* hit.caf */ = {isa = PBXFileReference; lastKnownFileType = file; name = hit.caf; path = ../hit.caf; sourceTree = "<group>"; };
		13B8C7381A590A7400AFE527 /* GameState.h */ = {isa = PBXFileReference; fileEncoding = 4; lastKnownFileType = sourcecode.c.h; path = GameState.h; sourceTree = "<group>"; };
		13B8C7391A590A7500AFE527 /* GameState.m */ = {isa = PBXFileReference; fileEncoding = 4; lastKnownFileType = sourcecode.c.objc; path = GameState.m; sourceTree = "<group>"; };
		13BCC1881A53AE4D00342645 /* ShiftPong.app */ = {isa = PBXFileReference; explicitFileType = wrapper.application; includeInIndex = 0; path = ShiftPong.app; sourceTree = BUILT_PRODUCTS_DIR; };
		13BCC18C1A53AE4D00342645 /* Info.plist */ = {isa = PBXFileReference; lastKnownFileType = text.plist.xml; path = Info.plist; sourceTree = "<group>"; };
		13BCC18D1A53AE4D00342645 /* main.m */ = {isa = PBXFileReference; lastKnownFileType = sourcecode.c.objc; path = main.m; sourceTree = "<group>"; };
		13BCC18F1A53AE4D00342645 /* AppDelegate.h */ = {isa = PBXFileReference; lastKnownFileType = sourcecode.c.h; path = AppDelegate.h; sourceTree = "<group>"; };
		13BCC1901A53AE4D00342645 /* AppDelegate.m */ = {isa = PBXFileReference; lastKnownFileType = sourcecode.c.objc; path = AppDelegate.m; sourceTree = "<group>"; };
		13BCC1921A53AE4D00342645 /* GameScene.h */ = {isa = PBXFileReference; lastKnownFileType = sourcecode.c.h; path = GameScene.h; sourceTree = "<group>"; };
		13BCC1931A53AE4D00342645 /* GameScene.m */ = {isa = PBXFileReference; lastKnownFileType = sourcecode.c.objc; path = GameScene.m; sourceTree = "<group>"; };
		13BCC1971A53AE4D00342645 /* GameViewController.h */ = {isa = PBXFileReference; lastKnownFileType = sourcecode.c.h; path = GameViewController.h; sourceTree = "<group>"; };
		13BCC1981A53AE4D00342645 /* GameViewController.m */ = {isa = PBXFileReference; lastKnownFileType = sourcecode.c.objc; path = GameViewController.m; sourceTree = "<group>"; };
		13BCC19B1A53AE4E00342645 /* Base */ = {isa = PBXFileReference; lastKnownFileType = file.storyboard; name = Base; path = Base.lproj/Main.storyboard; sourceTree = "<group>"; };
		13BCC1A61A53AE4E00342645 /* ShiftPong.Tests.xctest */ = {isa = PBXFileReference; explicitFileType = wrapper.cfbundle; includeInIndex = 0; path = ShiftPong.Tests.xctest; sourceTree = BUILT_PRODUCTS_DIR; };
		13BCC1AB1A53AE4E00342645 /* Info.plist */ = {isa = PBXFileReference; lastKnownFileType = text.plist.xml; path = Info.plist; sourceTree = "<group>"; };
		13BCC1AC1A53AE4E00342645 /* ShiftPongTests.m */ = {isa = PBXFileReference; lastKnownFileType = sourcecode.c.objc; path = ShiftPongTests.m; sourceTree = "<group>"; };
		13BCC1B61A53C2EE00342645 /* assets.atlas */ = {isa = PBXFileReference; lastKnownFileType = folder.skatlas; path = assets.atlas; sourceTree = "<group>"; };
/* End PBXFileReference section */

/* Begin PBXFrameworksBuildPhase section */
		13BCC1851A53AE4D00342645 /* Frameworks */ = {
			isa = PBXFrameworksBuildPhase;
			buildActionMask = 2147483647;
			files = (
				13877CB41AD9BA9E00A904E5 /* SystemConfiguration.framework in Frameworks */,
				13877CB21AD9BA9400A904E5 /* Security.framework in Frameworks */,
				13955F171A6DBD3300DD6012 /* iAd.framework in Frameworks */,
				13203FF81A593C50009A6765 /* GameKit.framework in Frameworks */,
			);
			runOnlyForDeploymentPostprocessing = 0;
		};
		13BCC1A31A53AE4E00342645 /* Frameworks */ = {
			isa = PBXFrameworksBuildPhase;
			buildActionMask = 2147483647;
			files = (
			);
			runOnlyForDeploymentPostprocessing = 0;
		};
/* End PBXFrameworksBuildPhase section */

/* Begin PBXGroup section */
		13955F241A6EB8EB00DD6012 /* Sounds */ = {
			isa = PBXGroup;
			children = (
				13955F2C1A6F22C500DD6012 /* hit.caf */,
			);
			path = Sounds;
			sourceTree = "<group>";
		};
		13BCC17F1A53AE4D00342645 = {
			isa = PBXGroup;
			children = (
				13877CB31AD9BA9E00A904E5 /* SystemConfiguration.framework */,
				13877CB11AD9BA9400A904E5 /* Security.framework */,
				13955F161A6DBD3200DD6012 /* iAd.framework */,
				13203FF71A593C4F009A6765 /* GameKit.framework */,
				13BCC18A1A53AE4D00342645 /* ShiftPong */,
				13BCC1A91A53AE4E00342645 /* ShiftPongTests */,
				13BCC1891A53AE4D00342645 /* Products */,
			);
			sourceTree = "<group>";
		};
		13BCC1891A53AE4D00342645 /* Products */ = {
			isa = PBXGroup;
			children = (
				13BCC1881A53AE4D00342645 /* ShiftPong.app */,
				13BCC1A61A53AE4E00342645 /* ShiftPong.Tests.xctest */,
			);
			name = Products;
			sourceTree = "<group>";
		};
		13BCC18A1A53AE4D00342645 /* ShiftPong */ = {
			isa = PBXGroup;
			children = (
				134AA4B01A59583C00040AD9 /* Images.xcassets */,
				13955F241A6EB8EB00DD6012 /* Sounds */,
				13BCC1B61A53C2EE00342645 /* assets.atlas */,
				13BCC18F1A53AE4D00342645 /* AppDelegate.h */,
				13BCC1901A53AE4D00342645 /* AppDelegate.m */,
				13BCC1921A53AE4D00342645 /* GameScene.h */,
				13BCC1931A53AE4D00342645 /* GameScene.m */,
				13B8C7381A590A7400AFE527 /* GameState.h */,
				13B8C7391A590A7500AFE527 /* GameState.m */,
				13877CB51AD9BBDA00A904E5 /* GameCenterManager.h */,
				13877CB61AD9BBDA00A904E5 /* GameCenterManager.m */,
				13877CB71AD9BBDA00A904E5 /* NSDataAES256.h */,
				13877CB81AD9BBDA00A904E5 /* NSDataAES256.m */,
				13877CB91AD9BBDA00A904E5 /* Reachability.h */,
				13877CBA1AD9BBDA00A904E5 /* Reachability.m */,
				13BCC1971A53AE4D00342645 /* GameViewController.h */,
				13BCC1981A53AE4D00342645 /* GameViewController.m */,
				13BCC19A1A53AE4E00342645 /* Main.storyboard */,
				13BCC18B1A53AE4D00342645 /* Supporting Files */,
			);
			path = ShiftPong;
			sourceTree = "<group>";
		};
		13BCC18B1A53AE4D00342645 /* Supporting Files */ = {
			isa = PBXGroup;
			children = (
				13BCC18C1A53AE4D00342645 /* Info.plist */,
				13BCC18D1A53AE4D00342645 /* main.m */,
			);
			name = "Supporting Files";
			sourceTree = "<group>";
		};
		13BCC1A91A53AE4E00342645 /* ShiftPongTests */ = {
			isa = PBXGroup;
			children = (
				13BCC1AC1A53AE4E00342645 /* ShiftPongTests.m */,
				13BCC1AA1A53AE4E00342645 /* Supporting Files */,
			);
			path = ShiftPongTests;
			sourceTree = "<group>";
		};
		13BCC1AA1A53AE4E00342645 /* Supporting Files */ = {
			isa = PBXGroup;
			children = (
				13BCC1AB1A53AE4E00342645 /* Info.plist */,
			);
			name = "Supporting Files";
			sourceTree = "<group>";
		};
/* End PBXGroup section */

/* Begin PBXNativeTarget section */
		13BCC1871A53AE4D00342645 /* ShiftPong. */ = {
			isa = PBXNativeTarget;
			buildConfigurationList = 13BCC1B01A53AE4E00342645 /* Build configuration list for PBXNativeTarget "ShiftPong." */;
			buildPhases = (
				13BCC1841A53AE4D00342645 /* Sources */,
				13BCC1851A53AE4D00342645 /* Frameworks */,
				13BCC1861A53AE4D00342645 /* Resources */,
				130D85FB1A776B40008EDC7C /* ShellScript */,
			);
			buildRules = (
			);
			dependencies = (
			);
			name = ShiftPong.;
			productName = ShiftPong;
			productReference = 13BCC1881A53AE4D00342645 /* ShiftPong.app */;
			productType = "com.apple.product-type.application";
		};
		13BCC1A51A53AE4E00342645 /* ShiftPong.Tests */ = {
			isa = PBXNativeTarget;
			buildConfigurationList = 13BCC1B31A53AE4E00342645 /* Build configuration list for PBXNativeTarget "ShiftPong.Tests" */;
			buildPhases = (
				13BCC1A21A53AE4E00342645 /* Sources */,
				13BCC1A31A53AE4E00342645 /* Frameworks */,
				13BCC1A41A53AE4E00342645 /* Resources */,
			);
			buildRules = (
			);
			dependencies = (
				13BCC1A81A53AE4E00342645 /* PBXTargetDependency */,
			);
			name = ShiftPong.Tests;
			productName = ShiftPongTests;
			productReference = 13BCC1A61A53AE4E00342645 /* ShiftPong.Tests.xctest */;
			productType = "com.apple.product-type.bundle.unit-test";
		};
/* End PBXNativeTarget section */

/* Begin PBXProject section */
		13BCC1801A53AE4D00342645 /* Project object */ = {
			isa = PBXProject;
			attributes = {
				LastUpgradeCheck = 0700;
				ORGANIZATIONNAME = "Blue App Development";
				TargetAttributes = {
					13BCC1871A53AE4D00342645 = {
						CreatedOnToolsVersion = 6.1.1;
						DevelopmentTeam = FWT25Q768M;
						SystemCapabilities = {
							com.apple.GameCenter = {
								enabled = 1;
							};
						};
					};
					13BCC1A51A53AE4E00342645 = {
						CreatedOnToolsVersion = 6.1.1;
						DevelopmentTeam = FWT25Q768M;
						TestTargetID = 13BCC1871A53AE4D00342645;
					};
				};
			};
			buildConfigurationList = 13BCC1831A53AE4D00342645 /* Build configuration list for PBXProject "ShiftPong" */;
			compatibilityVersion = "Xcode 3.2";
			developmentRegion = English;
			hasScannedForEncodings = 0;
			knownRegions = (
				en,
				Base,
			);
			mainGroup = 13BCC17F1A53AE4D00342645;
			productRefGroup = 13BCC1891A53AE4D00342645 /* Products */;
			projectDirPath = "";
			projectRoot = "";
			targets = (
				13BCC1871A53AE4D00342645 /* ShiftPong. */,
				13BCC1A51A53AE4E00342645 /* ShiftPong.Tests */,
			);
		};
/* End PBXProject section */

/* Begin PBXResourcesBuildPhase section */
		13BCC1861A53AE4D00342645 /* Resources */ = {
			isa = PBXResourcesBuildPhase;
			buildActionMask = 2147483647;
			files = (
				13955F2D1A6F22C500DD6012 /* hit.caf in Resources */,
				134AA4B11A59583C00040AD9 /* Images.xcassets in Resources */,
				13BCC1BC1A53C2EF00342645 /* assets.atlas in Resources */,
				13BCC19C1A53AE4E00342645 /* Main.storyboard in Resources */,
			);
			runOnlyForDeploymentPostprocessing = 0;
		};
		13BCC1A41A53AE4E00342645 /* Resources */ = {
			isa = PBXResourcesBuildPhase;
			buildActionMask = 2147483647;
			files = (
			);
			runOnlyForDeploymentPostprocessing = 0;
		};
/* End PBXResourcesBuildPhase section */

/* Begin PBXShellScriptBuildPhase section */
		130D85FB1A776B40008EDC7C /* ShellScript */ = {
			isa = PBXShellScriptBuildPhase;
			buildActionMask = 2147483647;
			files = (
			);
			inputPaths = (
			);
			outputPaths = (
			);
			runOnlyForDeploymentPostprocessing = 0;
			shellPath = /bin/bash;
			shellScript = "#!/bin/bash\nbuildNumber=$(/usr/libexec/PlistBuddy -c \"Print CFBundleVersion\" \"$INFOPLIST_FILE\")\nbuildNumber=$(($buildNumber + 1))\n/usr/libexec/PlistBuddy -c \"Set :CFBundleVersion $buildNumber\" \"$INFOPLIST_FILE\"";
		};
/* End PBXShellScriptBuildPhase section */

/* Begin PBXSourcesBuildPhase section */
		13BCC1841A53AE4D00342645 /* Sources */ = {
			isa = PBXSourcesBuildPhase;
			buildActionMask = 2147483647;
			files = (
				13BCC1991A53AE4D00342645 /* GameViewController.m in Sources */,
				13BCC1911A53AE4D00342645 /* AppDelegate.m in Sources */,
				13877CBD1AD9BBDA00A904E5 /* Reachability.m in Sources */,
				13877CBB1AD9BBDA00A904E5 /* GameCenterManager.m in Sources */,
				13BCC1941A53AE4D00342645 /* GameScene.m in Sources */,
				13BCC18E1A53AE4D00342645 /* main.m in Sources */,
				13877CBC1AD9BBDA00A904E5 /* NSDataAES256.m in Sources */,
				13B8C73A1A590A7500AFE527 /* GameState.m in Sources */,
			);
			runOnlyForDeploymentPostprocessing = 0;
		};
		13BCC1A21A53AE4E00342645 /* Sources */ = {
			isa = PBXSourcesBuildPhase;
			buildActionMask = 2147483647;
			files = (
				13BCC1AD1A53AE4E00342645 /* ShiftPongTests.m in Sources */,
			);
			runOnlyForDeploymentPostprocessing = 0;
		};
/* End PBXSourcesBuildPhase section */

/* Begin PBXTargetDependency section */
		13BCC1A81A53AE4E00342645 /* PBXTargetDependency */ = {
			isa = PBXTargetDependency;
			target = 13BCC1871A53AE4D00342645 /* ShiftPong. */;
			targetProxy = 13BCC1A71A53AE4E00342645 /* PBXContainerItemProxy */;
		};
/* End PBXTargetDependency section */

/* Begin PBXVariantGroup section */
		13BCC19A1A53AE4E00342645 /* Main.storyboard */ = {
			isa = PBXVariantGroup;
			children = (
				13BCC19B1A53AE4E00342645 /* Base */,
			);
			name = Main.storyboard;
			sourceTree = "<group>";
		};
/* End PBXVariantGroup section */

/* Begin XCBuildConfiguration section */
		13BCC1AE1A53AE4E00342645 /* Debug */ = {
			isa = XCBuildConfiguration;
			buildSettings = {
				ALWAYS_SEARCH_USER_PATHS = NO;
				CLANG_CXX_LANGUAGE_STANDARD = "gnu++0x";
				CLANG_CXX_LIBRARY = "libc++";
				CLANG_ENABLE_MODULES = YES;
				CLANG_ENABLE_OBJC_ARC = YES;
				CLANG_WARN_BOOL_CONVERSION = YES;
				CLANG_WARN_CONSTANT_CONVERSION = YES;
				CLANG_WARN_DIRECT_OBJC_ISA_USAGE = YES_ERROR;
				CLANG_WARN_EMPTY_BODY = YES;
				CLANG_WARN_ENUM_CONVERSION = YES;
				CLANG_WARN_INT_CONVERSION = YES;
				CLANG_WARN_OBJC_ROOT_CLASS = YES_ERROR;
				CLANG_WARN_UNREACHABLE_CODE = YES;
				CLANG_WARN__DUPLICATE_METHOD_MATCH = YES;
				"CODE_SIGN_IDENTITY[sdk=iphoneos*]" = "iPhone Developer";
				COPY_PHASE_STRIP = NO;
				ENABLE_STRICT_OBJC_MSGSEND = YES;
				ENABLE_TESTABILITY = YES;
				GCC_C_LANGUAGE_STANDARD = gnu99;
				GCC_DYNAMIC_NO_PIC = NO;
				GCC_OPTIMIZATION_LEVEL = 0;
				GCC_PREPROCESSOR_DEFINITIONS = (
					"DEBUG=1",
					"$(inherited)",
				);
				GCC_SYMBOLS_PRIVATE_EXTERN = NO;
				GCC_WARN_64_TO_32_BIT_CONVERSION = YES;
				GCC_WARN_ABOUT_RETURN_TYPE = YES_ERROR;
				GCC_WARN_UNDECLARED_SELECTOR = YES;
				GCC_WARN_UNINITIALIZED_AUTOS = YES_AGGRESSIVE;
				GCC_WARN_UNUSED_FUNCTION = YES;
				GCC_WARN_UNUSED_VARIABLE = YES;
				IPHONEOS_DEPLOYMENT_TARGET = 7.0;
				MTL_ENABLE_DEBUG_INFO = YES;
				ONLY_ACTIVE_ARCH = YES;
				SDKROOT = iphoneos;
				TARGETED_DEVICE_FAMILY = "1,2";
			};
			name = Debug;
		};
		13BCC1AF1A53AE4E00342645 /* Release */ = {
			isa = XCBuildConfiguration;
			buildSettings = {
				ALWAYS_SEARCH_USER_PATHS = NO;
				CLANG_CXX_LANGUAGE_STANDARD = "gnu++0x";
				CLANG_CXX_LIBRARY = "libc++";
				CLANG_ENABLE_MODULES = YES;
				CLANG_ENABLE_OBJC_ARC = YES;
				CLANG_WARN_BOOL_CONVERSION = YES;
				CLANG_WARN_CONSTANT_CONVERSION = YES;
				CLANG_WARN_DIRECT_OBJC_ISA_USAGE = YES_ERROR;
				CLANG_WARN_EMPTY_BODY = YES;
				CLANG_WARN_ENUM_CONVERSION = YES;
				CLANG_WARN_INT_CONVERSION = YES;
				CLANG_WARN_OBJC_ROOT_CLASS = YES_ERROR;
				CLANG_WARN_UNREACHABLE_CODE = YES;
				CLANG_WARN__DUPLICATE_METHOD_MATCH = YES;
				"CODE_SIGN_IDENTITY[sdk=iphoneos*]" = "iPhone Developer";
				COPY_PHASE_STRIP = YES;
				ENABLE_NS_ASSERTIONS = NO;
				ENABLE_STRICT_OBJC_MSGSEND = YES;
				GCC_C_LANGUAGE_STANDARD = gnu99;
				GCC_WARN_64_TO_32_BIT_CONVERSION = YES;
				GCC_WARN_ABOUT_RETURN_TYPE = YES_ERROR;
				GCC_WARN_UNDECLARED_SELECTOR = YES;
				GCC_WARN_UNINITIALIZED_AUTOS = YES_AGGRESSIVE;
				GCC_WARN_UNUSED_FUNCTION = YES;
				GCC_WARN_UNUSED_VARIABLE = YES;
				IPHONEOS_DEPLOYMENT_TARGET = 7.0;
				MTL_ENABLE_DEBUG_INFO = NO;
				SDKROOT = iphoneos;
				TARGETED_DEVICE_FAMILY = "1,2";
				VALIDATE_PRODUCT = YES;
			};
			name = Release;
		};
		13BCC1B11A53AE4E00342645 /* Debug */ = {
			isa = XCBuildConfiguration;
			buildSettings = {
				ASSETCATALOG_COMPILER_APPICON_NAME = AppIcon;
				ASSETCATALOG_COMPILER_LAUNCHIMAGE_NAME = LaunchImage;
				CODE_SIGN_IDENTITY = "iPhone Developer";
				"CODE_SIGN_IDENTITY[sdk=iphoneos*]" = "iPhone Developer";
				DEVELOPMENT_TEAM = FWT25Q768M;
				GCC_PRECOMPILE_PREFIX_HEADER = NO;
				GCC_PREFIX_HEADER = "";
				INFOPLIST_FILE = "$(SRCROOT)/ShiftPong/Info.plist";
				LD_RUNPATH_SEARCH_PATHS = "$(inherited) @executable_path/Frameworks";
				PRODUCT_BUNDLE_IDENTIFIER = blue.ShiftPong;
				PRODUCT_NAME = ShiftPong;
				PROVISIONING_PROFILE = "";
				TARGETED_DEVICE_FAMILY = 1;
			};
			name = Debug;
		};
		13BCC1B21A53AE4E00342645 /* Release */ = {
			isa = XCBuildConfiguration;
			buildSettings = {
				ASSETCATALOG_COMPILER_APPICON_NAME = AppIcon;
				ASSETCATALOG_COMPILER_LAUNCHIMAGE_NAME = LaunchImage;
				CODE_SIGN_IDENTITY = "iPhone Developer";
				"CODE_SIGN_IDENTITY[sdk=iphoneos*]" = "iPhone Developer";
				DEVELOPMENT_TEAM = FWT25Q768M;
				GCC_PRECOMPILE_PREFIX_HEADER = NO;
				GCC_PREFIX_HEADER = "";
				INFOPLIST_FILE = "$(SRCROOT)/ShiftPong/Info.plist";
				LD_RUNPATH_SEARCH_PATHS = "$(inherited) @executable_path/Frameworks";
				PRODUCT_BUNDLE_IDENTIFIER = blue.ShiftPong;
				PRODUCT_NAME = ShiftPong;
				PROVISIONING_PROFILE = "";
				TARGETED_DEVICE_FAMILY = 1;
			};
			name = Release;
		};
		13BCC1B41A53AE4E00342645 /* Debug */ = {
			isa = XCBuildConfiguration;
			buildSettings = {
				BUNDLE_LOADER = "$(TEST_HOST)";
				CODE_SIGN_IDENTITY = "iPhone Developer";
				"CODE_SIGN_IDENTITY[sdk=iphoneos*]" = "iPhone Developer";
				FRAMEWORK_SEARCH_PATHS = (
					"$(SDKROOT)/Developer/Library/Frameworks",
					"$(inherited)",
				);
				GCC_PREPROCESSOR_DEFINITIONS = (
					"DEBUG=1",
					"$(inherited)",
				);
				INFOPLIST_FILE = ShiftPongTests/Info.plist;
				LD_RUNPATH_SEARCH_PATHS = "$(inherited) @executable_path/Frameworks @loader_path/Frameworks";
				PRODUCT_BUNDLE_IDENTIFIER = "cphd.$(PRODUCT_NAME:rfc1034identifier)";
				PRODUCT_NAME = ShiftPong.Tests;
				PROVISIONING_PROFILE = "";
				TEST_HOST = "$(BUILT_PRODUCTS_DIR)/ShiftPong.app/ShiftPong";
			};
			name = Debug;
		};
		13BCC1B51A53AE4E00342645 /* Release */ = {
			isa = XCBuildConfiguration;
			buildSettings = {
				BUNDLE_LOADER = "$(TEST_HOST)";
				CODE_SIGN_IDENTITY = "iPhone Developer";
				"CODE_SIGN_IDENTITY[sdk=iphoneos*]" = "iPhone Developer";
				FRAMEWORK_SEARCH_PATHS = (
					"$(SDKROOT)/Developer/Library/Frameworks",
					"$(inherited)",
				);
				INFOPLIST_FILE = ShiftPongTests/Info.plist;
				LD_RUNPATH_SEARCH_PATHS = "$(inherited) @executable_path/Frameworks @loader_path/Frameworks";
				PRODUCT_BUNDLE_IDENTIFIER = "cphd.$(PRODUCT_NAME:rfc1034identifier)";
				PRODUCT_NAME = ShiftPong.Tests;
				PROVISIONING_PROFILE = "";
				TEST_HOST = "$(BUILT_PRODUCTS_DIR)/ShiftPong.app/ShiftPong";
			};
			name = Release;
		};
/* End XCBuildConfiguration section */

/* Begin XCConfigurationList section */
		13BCC1831A53AE4D00342645 /* Build configuration list for PBXProject "ShiftPong" */ = {
			isa = XCConfigurationList;
			buildConfigurations = (
				13BCC1AE1A53AE4E00342645 /* Debug */,
				13BCC1AF1A53AE4E00342645 /* Release */,
			);
			defaultConfigurationIsVisible = 0;
			defaultConfigurationName = Release;
		};
		13BCC1B01A53AE4E00342645 /* Build configuration list for PBXNativeTarget "ShiftPong." */ = {
			isa = XCConfigurationList;
			buildConfigurations = (
				13BCC1B11A53AE4E00342645 /* Debug */,
				13BCC1B21A53AE4E00342645 /* Release */,
			);
			defaultConfigurationIsVisible = 0;
			defaultConfigurationName = Release;
		};
		13BCC1B31A53AE4E00342645 /* Build configuration list for PBXNativeTarget "ShiftPong.Tests" */ = {
			isa = XCConfigurationList;
			buildConfigurations = (
				13BCC1B41A53AE4E00342645 /* Debug */,
				13BCC1B51A53AE4E00342645 /* Release */,
			);
			defaultConfigurationIsVisible = 0;
			defaultConfigurationName = Release;
		};
/* End XCConfigurationList section */
	};
	rootObject = 13BCC1801A53AE4D00342645 /* Project object */;
}
